{
    "name": "js-translator-lodash-requirejs-bridge",
    "version": "1.1.1",
    "lockfileVersion": 1,
    "requires": true,
    "dependencies": {
        "js-translator": {
            "version": "2.0.2",
            "resolved": "https://registry.npmjs.org/js-translator/-/js-translator-2.0.2.tgz",
            "integrity": "sha512-I7M+LBsvsg9Z4ja/fuunuxMYQ0h8duTU+gK2SiSsqVQhudcISDXSRbMzhKfJ+hQln11lcjZxL7n3hWZXrDiFzg=="
        },
        "lodash": {
            "version": "4.17.15",
            "resolved": "https://registry.npmjs.org/lodash/-/lodash-4.17.15.tgz",
            "integrity": "sha512-8xOcRHvCjnocdS5cpwXQXVzmmh5e5+saE2QGoeQmbKmRS6J3VQppPOIt0MnmE+4xlZoumy0GPG0D0MVIQbNA1A=="
        },
        "requirejs-text": {
            "version": "2.0.15",
            "resolved": "https://registry.npmjs.org/requirejs-text/-/requirejs-text-2.0.15.tgz",
            "integrity": "sha1-ExOHM2E/xEV7fhJH6Mt1HfeqVCk="
        }
    }
}
