{
    "name": "js-translator-lodash-requirejs-bridge",
    "version": "1.1.2",
    "lockfileVersion": 2,
    "requires": true,
    "packages": {
        "": {
            "version": "1.1.2",
            "license": "MIT",
            "dependencies": {
                "js-translator": "^2.0.2",
                "lodash": "^4.17.15",
                "requirejs-text": "^2.0.15"
            }
        },
        "node_modules/js-translator": {
            "version": "2.0.4",
            "resolved": "https://registry.npmjs.org/js-translator/-/js-translator-2.0.4.tgz",
            "integrity": "sha512-PeYD5pVT3W/6qgkpd/VVyK4zWOy6TjEGD8wVJZnkv3XC+98dFbZm6EcfFmkNvBVgmw7TKfMI667hGEa21ZaR/A=="
        },
        "node_modules/lodash": {
            "version": "4.17.21",
            "resolved": "https://registry.npmjs.org/lodash/-/lodash-4.17.21.tgz",
            "integrity": "sha512-v2kDEe57lecTulaDIuNTPy3Ry4gLGJ6Z1O3vE1krgXZNrsQ+LFTGHVxVjcXPs17LhbZVGedAJv8XZ1tvj5FvSg=="
        },
        "node_modules/requirejs-text": {
            "version": "2.0.16",
            "resolved": "https://registry.npmjs.org/requirejs-text/-/requirejs-text-2.0.16.tgz",
            "integrity": "sha512-XrzjeTb1pwzIWmkz8qnUiM20gENgiwB+66IciNuziwlaPAJsYQsQPSYyQ1kD4tGKGZxTisIfDbOHk02DpI/76Q=="
        }
    },
    "dependencies": {
        "js-translator": {
            "version": "2.0.4",
            "resolved": "https://registry.npmjs.org/js-translator/-/js-translator-2.0.4.tgz",
            "integrity": "sha512-PeYD5pVT3W/6qgkpd/VVyK4zWOy6TjEGD8wVJZnkv3XC+98dFbZm6EcfFmkNvBVgmw7TKfMI667hGEa21ZaR/A=="
        },
        "lodash": {
            "version": "4.17.21",
            "resolved": "https://registry.npmjs.org/lodash/-/lodash-4.17.21.tgz",
            "integrity": "sha512-v2kDEe57lecTulaDIuNTPy3Ry4gLGJ6Z1O3vE1krgXZNrsQ+LFTGHVxVjcXPs17LhbZVGedAJv8XZ1tvj5FvSg=="
        },
        "requirejs-text": {
            "version": "2.0.16",
            "resolved": "https://registry.npmjs.org/requirejs-text/-/requirejs-text-2.0.16.tgz",
            "integrity": "sha512-XrzjeTb1pwzIWmkz8qnUiM20gENgiwB+66IciNuziwlaPAJsYQsQPSYyQ1kD4tGKGZxTisIfDbOHk02DpI/76Q=="
        }
    }
}
